OAuth Quantum Computing Python WebSockets Replica Set Edge Computing
Latency Optimization Security Zero Downtime Deployment Virtual Machines Difficult roads often lead to beautiful destinations. Edge Computing Containerization Success is not in what you have, but who you are. Data Pipeline Lambda Functions Backend JWT Distributed Systems Monitoring
Zero Downtime Deployment Database Opportunities don't happen. You create them. Load Testing Content Delivery Network Kafka Don't be afraid to give up the good to go for the great.
