OAuth Quantum Computing Python WebSockets Replica Set Edge Computing
Latency Optimization Security Zero Downtime Deployment Virtual Machines Difficult roads often lead to beautiful destinations. Edge Computing Containerization Success is not in what you have, but who you are. Data Pipeline Lambda Functions Backend JWT Distributed Systems Monitoring
