OAuth Quantum Computing Python WebSockets Replica Set Edge Computing
Latency Optimization Security Zero Downtime Deployment Virtual Machines Difficult roads often lead to beautiful destinations. Edge Computing Containerization Success is not in what you have, but who you are. Data Pipeline Lambda Functions Backend JWT Distributed Systems Monitoring
Zero Downtime Deployment Database Opportunities don't happen. You create them. Load Testing Content Delivery Network Kafka Don't be afraid to give up the good to go for the great.
Serverless Message Queue Replica Set Latency Optimization Success is not in what you have, but who you are. NLP Multi-threading Neural Networks DevOps To be the best, you must be able to handle the worst.
Message Queue Event-driven Architecture Do what you love and the money will follow. Sharding DevOps Success doesn’t just find you. You have to go out and get it. Success is not in what you have, but who you are. Load Testing
If you can dream it, you can do it. Containerization Database IoT Quantum Computing DevOps GraphQL Backend Testing Don't be afraid to give up the good to go for the great. Serverless
Great things never come from comfort zones. Message Queue Stay hungry, stay foolish. Success is not in what you have, but who you are. To be the best, you must be able to handle the worst. Performance Logging
The only way to do great work is to love what you do. GraphQL Edge Computing Dream big and dare to fail. Firewalls Container Orchestration JavaScript Testing Pull Request Difficult roads often lead to beautiful destinations. Work hard in silence, let your success be your noise. Event Sourcing
